
Microsoft Visual Studio Solution File, Format Version 12.00
# Visual Studio Version 17
VisualStudioVersion = 17.7.34024.191
MinimumVisualStudioVersion = 10.0.40219.1
Project("{FAE04EC0-301F-11D3-BF4B-00C04F79EFBC}") = "MarkovTextGenerator", "MarkovTextGenerator.csproj", "{AD3D8065-1F22-47F7-92CB-B9D11C58E872}"
EndProject
Global
	GlobalSection(SolutionConfigurationPlatforms) = preSolution
		Debug|Any CPU = Debug|Any CPU
		Release|Any CPU = Release|Any CPU
	EndGlobalSection
	GlobalSection(ProjectConfigurationPlatforms) = postSolution
		{AD3D8065-1F22-47F7-92CB-B9D11C58E872}.Debug|Any CPU.ActiveCfg = Debug|Any CPU
		{AD3D8065-1F22-47F7-92CB-B9D11C58E872}.Debug|Any CPU.Build.0 = Debug|Any CPU
		{AD3D8065-1F22-47F7-92CB-B9D11C58E872}.Release|Any CPU.ActiveCfg = Release|Any CPU
		{AD3D8065-1F22-47F7-92CB-B9D11C58E872}.Release|Any CPU.Build.0 = Release|Any CPU
	EndGlobalSection
	GlobalSection(SolutionProperties) = preSolution
		HideSolutionNode = FALSE
	EndGlobalSection
	GlobalSection(ExtensibilityGlobals) = postSolution
		SolutionGuid = {97B774DD-60D6-4626-9555-CDCC50ED5194}
	EndGlobalSection
EndGlobal
